
Microsoft Visual Studio Solution File, Format Version 12.00
# Visual Studio Version 16
VisualStudioVersion = 16.0.28803.202
MinimumVisualStudioVersion = 10.0.40219.1
Project("{9A19103F-16F7-4668-BE54-9A1E7A4F7556}") = "GlyphFieldsFontAwesome5Pro", "GlyphFieldsFontAwesome5Pro\GlyphFieldsFontAwesome5Pro.csproj", "{F9446440-596E-40CB-ACAF-A76EE56CAD92}"
EndProject
Project("{9A19103F-16F7-4668-BE54-9A1E7A4F7556}") = "GlyphFieldsGenerator", "GlyphFieldsGenerator\GlyphFieldsGenerator.csproj", "{43B8F38B-3653-4E83-88CB-08E616EA406B}"
EndProject
Project("{FAE04EC0-301F-11D3-BF4B-00C04F79EFBC}") = "GlyphFieldsFontAwesome5Free", "GlyphFieldsFontAwesome5Free\GlyphFieldsFontAwesome5Free.csproj", "{7628D620-D87B-416D-9675-02D1C67516D6}"
EndProject
Global
	GlobalSection(SolutionConfigurationPlatforms) = preSolution
		Debug|Any CPU = Debug|Any CPU
		Release|Any CPU = Release|Any CPU
	EndGlobalSection
	GlobalSection(ProjectConfigurationPlatforms) = postSolution
		{F9446440-596E-40CB-ACAF-A76EE56CAD92}.Debug|Any CPU.ActiveCfg = Debug|Any CPU
		{F9446440-596E-40CB-ACAF-A76EE56CAD92}.Debug|Any CPU.Build.0 = Debug|Any CPU
		{F9446440-596E-40CB-ACAF-A76EE56CAD92}.Release|Any CPU.ActiveCfg = Release|Any CPU
		{F9446440-596E-40CB-ACAF-A76EE56CAD92}.Release|Any CPU.Build.0 = Release|Any CPU
		{43B8F38B-3653-4E83-88CB-08E616EA406B}.Debug|Any CPU.ActiveCfg = Debug|Any CPU
		{43B8F38B-3653-4E83-88CB-08E616EA406B}.Debug|Any CPU.Build.0 = Debug|Any CPU
		{43B8F38B-3653-4E83-88CB-08E616EA406B}.Release|Any CPU.ActiveCfg = Release|Any CPU
		{43B8F38B-3653-4E83-88CB-08E616EA406B}.Release|Any CPU.Build.0 = Release|Any CPU
		{7628D620-D87B-416D-9675-02D1C67516D6}.Debug|Any CPU.ActiveCfg = Debug|Any CPU
		{7628D620-D87B-416D-9675-02D1C67516D6}.Debug|Any CPU.Build.0 = Debug|Any CPU
		{7628D620-D87B-416D-9675-02D1C67516D6}.Release|Any CPU.ActiveCfg = Release|Any CPU
		{7628D620-D87B-416D-9675-02D1C67516D6}.Release|Any CPU.Build.0 = Release|Any CPU
	EndGlobalSection
	GlobalSection(SolutionProperties) = preSolution
		HideSolutionNode = FALSE
	EndGlobalSection
	GlobalSection(ExtensibilityGlobals) = postSolution
		SolutionGuid = {A9E00D52-64B3-47F4-B58A-F5F3D0D7F12E}
	EndGlobalSection
EndGlobal
