
Microsoft Visual Studio Solution File, Format Version 12.00
# Visual Studio Version 16
VisualStudioVersion = 16.0.28803.202
MinimumVisualStudioVersion = 10.0.40219.1
Project("{FAE04EC0-301F-11D3-BF4B-00C04F79EFBC}") = "Plugin.Glypher..Sample.Android", "Sample.Android\Plugin.Glypher..Sample.Android.csproj", "{8BF71070-5F82-4B1A-AA7D-AB87ABB7E24F}"
EndProject
Project("{FAE04EC0-301F-11D3-BF4B-00C04F79EFBC}") = "Plugin.Glypher..Sample.iOS", "Sample.iOS\Plugin.Glypher..Sample.iOS.csproj", "{704C360B-129D-4187-8776-A50D2209A132}"
EndProject
Project("{9A19103F-16F7-4668-BE54-9A1E7A4F7556}") = "Plugin.Glypher..Sample", "Sample\Plugin.Glypher..Sample.csproj", "{CEED78F8-F9ED-4E2B-B6A6-86ECC095790E}"
EndProject
Global
	GlobalSection(SolutionConfigurationPlatforms) = preSolution
		Debug|Any CPU = Debug|Any CPU
		Debug|iPhone = Debug|iPhone
		Debug|iPhoneSimulator = Debug|iPhoneSimulator
		Release|Any CPU = Release|Any CPU
		Release|iPhone = Release|iPhone
		Release|iPhoneSimulator = Release|iPhoneSimulator
	EndGlobalSection
	GlobalSection(ProjectConfigurationPlatforms) = postSolution
		{8BF71070-5F82-4B1A-AA7D-AB87ABB7E24F}.Debug|Any CPU.ActiveCfg = Debug|Any CPU
		{8BF71070-5F82-4B1A-AA7D-AB87ABB7E24F}.Debug|Any CPU.Build.0 = Debug|Any CPU
		{8BF71070-5F82-4B1A-AA7D-AB87ABB7E24F}.Debug|Any CPU.Deploy.0 = Debug|Any CPU
		{8BF71070-5F82-4B1A-AA7D-AB87ABB7E24F}.Debug|iPhone.ActiveCfg = Debug|Any CPU
		{8BF71070-5F82-4B1A-AA7D-AB87ABB7E24F}.Debug|iPhone.Build.0 = Debug|Any CPU
		{8BF71070-5F82-4B1A-AA7D-AB87ABB7E24F}.Debug|iPhone.Deploy.0 = Debug|Any CPU
		{8BF71070-5F82-4B1A-AA7D-AB87ABB7E24F}.Debug|iPhoneSimulator.ActiveCfg = Debug|Any CPU
		{8BF71070-5F82-4B1A-AA7D-AB87ABB7E24F}.Debug|iPhoneSimulator.Build.0 = Debug|Any CPU
		{8BF71070-5F82-4B1A-AA7D-AB87ABB7E24F}.Debug|iPhoneSimulator.Deploy.0 = Debug|Any CPU
		{8BF71070-5F82-4B1A-AA7D-AB87ABB7E24F}.Release|Any CPU.ActiveCfg = Release|Any CPU
		{8BF71070-5F82-4B1A-AA7D-AB87ABB7E24F}.Release|Any CPU.Build.0 = Release|Any CPU
		{8BF71070-5F82-4B1A-AA7D-AB87ABB7E24F}.Release|Any CPU.Deploy.0 = Release|Any CPU
		{8BF71070-5F82-4B1A-AA7D-AB87ABB7E24F}.Release|iPhone.ActiveCfg = Release|Any CPU
		{8BF71070-5F82-4B1A-AA7D-AB87ABB7E24F}.Release|iPhone.Build.0 = Release|Any CPU
		{8BF71070-5F82-4B1A-AA7D-AB87ABB7E24F}.Release|iPhone.Deploy.0 = Release|Any CPU
		{8BF71070-5F82-4B1A-AA7D-AB87ABB7E24F}.Release|iPhoneSimulator.ActiveCfg = Release|Any CPU
		{8BF71070-5F82-4B1A-AA7D-AB87ABB7E24F}.Release|iPhoneSimulator.Build.0 = Release|Any CPU
		{8BF71070-5F82-4B1A-AA7D-AB87ABB7E24F}.Release|iPhoneSimulator.Deploy.0 = Release|Any CPU
		{704C360B-129D-4187-8776-A50D2209A132}.Debug|Any CPU.ActiveCfg = Debug|iPhoneSimulator
		{704C360B-129D-4187-8776-A50D2209A132}.Debug|Any CPU.Build.0 = Debug|iPhoneSimulator
		{704C360B-129D-4187-8776-A50D2209A132}.Debug|Any CPU.Deploy.0 = Debug|iPhoneSimulator
		{704C360B-129D-4187-8776-A50D2209A132}.Debug|iPhone.ActiveCfg = Debug|iPhone
		{704C360B-129D-4187-8776-A50D2209A132}.Debug|iPhone.Build.0 = Debug|iPhone
		{704C360B-129D-4187-8776-A50D2209A132}.Debug|iPhone.Deploy.0 = Debug|iPhone
		{704C360B-129D-4187-8776-A50D2209A132}.Debug|iPhoneSimulator.ActiveCfg = Debug|iPhoneSimulator
		{704C360B-129D-4187-8776-A50D2209A132}.Debug|iPhoneSimulator.Build.0 = Debug|iPhoneSimulator
		{704C360B-129D-4187-8776-A50D2209A132}.Debug|iPhoneSimulator.Deploy.0 = Debug|iPhoneSimulator
		{704C360B-129D-4187-8776-A50D2209A132}.Release|Any CPU.ActiveCfg = Release|iPhone
		{704C360B-129D-4187-8776-A50D2209A132}.Release|Any CPU.Build.0 = Release|iPhone
		{704C360B-129D-4187-8776-A50D2209A132}.Release|Any CPU.Deploy.0 = Release|iPhone
		{704C360B-129D-4187-8776-A50D2209A132}.Release|iPhone.ActiveCfg = Release|iPhone
		{704C360B-129D-4187-8776-A50D2209A132}.Release|iPhone.Build.0 = Release|iPhone
		{704C360B-129D-4187-8776-A50D2209A132}.Release|iPhone.Deploy.0 = Release|iPhone
		{704C360B-129D-4187-8776-A50D2209A132}.Release|iPhoneSimulator.ActiveCfg = Release|iPhoneSimulator
		{704C360B-129D-4187-8776-A50D2209A132}.Release|iPhoneSimulator.Build.0 = Release|iPhoneSimulator
		{704C360B-129D-4187-8776-A50D2209A132}.Release|iPhoneSimulator.Deploy.0 = Release|iPhoneSimulator
		{CEED78F8-F9ED-4E2B-B6A6-86ECC095790E}.Debug|Any CPU.ActiveCfg = Debug|Any CPU
		{CEED78F8-F9ED-4E2B-B6A6-86ECC095790E}.Debug|Any CPU.Build.0 = Debug|Any CPU
		{CEED78F8-F9ED-4E2B-B6A6-86ECC095790E}.Debug|Any CPU.Deploy.0 = Debug|Any CPU
		{CEED78F8-F9ED-4E2B-B6A6-86ECC095790E}.Debug|iPhone.ActiveCfg = Debug|Any CPU
		{CEED78F8-F9ED-4E2B-B6A6-86ECC095790E}.Debug|iPhone.Build.0 = Debug|Any CPU
		{CEED78F8-F9ED-4E2B-B6A6-86ECC095790E}.Debug|iPhone.Deploy.0 = Debug|Any CPU
		{CEED78F8-F9ED-4E2B-B6A6-86ECC095790E}.Debug|iPhoneSimulator.ActiveCfg = Debug|Any CPU
		{CEED78F8-F9ED-4E2B-B6A6-86ECC095790E}.Debug|iPhoneSimulator.Build.0 = Debug|Any CPU
		{CEED78F8-F9ED-4E2B-B6A6-86ECC095790E}.Debug|iPhoneSimulator.Deploy.0 = Debug|Any CPU
		{CEED78F8-F9ED-4E2B-B6A6-86ECC095790E}.Release|Any CPU.ActiveCfg = Release|Any CPU
		{CEED78F8-F9ED-4E2B-B6A6-86ECC095790E}.Release|Any CPU.Build.0 = Release|Any CPU
		{CEED78F8-F9ED-4E2B-B6A6-86ECC095790E}.Release|Any CPU.Deploy.0 = Release|Any CPU
		{CEED78F8-F9ED-4E2B-B6A6-86ECC095790E}.Release|iPhone.ActiveCfg = Release|Any CPU
		{CEED78F8-F9ED-4E2B-B6A6-86ECC095790E}.Release|iPhone.Build.0 = Release|Any CPU
		{CEED78F8-F9ED-4E2B-B6A6-86ECC095790E}.Release|iPhone.Deploy.0 = Release|Any CPU
		{CEED78F8-F9ED-4E2B-B6A6-86ECC095790E}.Release|iPhoneSimulator.ActiveCfg = Release|Any CPU
		{CEED78F8-F9ED-4E2B-B6A6-86ECC095790E}.Release|iPhoneSimulator.Build.0 = Release|Any CPU
		{CEED78F8-F9ED-4E2B-B6A6-86ECC095790E}.Release|iPhoneSimulator.Deploy.0 = Release|Any CPU
	EndGlobalSection
	GlobalSection(SolutionProperties) = preSolution
		HideSolutionNode = FALSE
	EndGlobalSection
	GlobalSection(ExtensibilityGlobals) = postSolution
		SolutionGuid = {A9BEF62F-1829-4568-80C6-98AAF862CC8B}
	EndGlobalSection
EndGlobal
