
Microsoft Visual Studio Solution File, Format Version 12.00
# Visual Studio Version 16
VisualStudioVersion = 16.0.28803.202
MinimumVisualStudioVersion = 10.0.40219.1
Project("{9A19103F-16F7-4668-BE54-9A1E7A4F7556}") = "Plugin.Glypher", "Plugin.Glypher\Plugin.Glypher.csproj", "{87DCE058-A35E-46A4-903C-4DF9F82CEFF2}"
EndProject
Project("{9A19103F-16F7-4668-BE54-9A1E7A4F7556}") = "Plugin.Glypher.FontAwesome5Pro", "Plugin.Glypher.FontAwesome5Pro\Plugin.Glypher.FontAwesome5Pro.csproj", "{3F0E0634-CEBB-4423-B139-744FCFDD150B}"
EndProject
Project("{9A19103F-16F7-4668-BE54-9A1E7A4F7556}") = "Plugin.Glypher.FontAwesome5Free", "Plugin.Glypher.FontAwesome5Free\Plugin.Glypher.FontAwesome5Free.csproj", "{7E02240F-0D6F-4DDA-8CF6-5B3FF2D41760}"
EndProject
Project("{FAE04EC0-301F-11D3-BF4B-00C04F79EFBC}") = "Plugin.Glypher.WeatherIcons", "Plugin.Glypher.WeatherIcons\Plugin.Glypher.WeatherIcons.csproj", "{DC16BCA2-6A01-4584-921C-E22FCA8F960E}"
EndProject
Global
	GlobalSection(SolutionConfigurationPlatforms) = preSolution
		Debug|Any CPU = Debug|Any CPU
		Release|Any CPU = Release|Any CPU
	EndGlobalSection
	GlobalSection(ProjectConfigurationPlatforms) = postSolution
		{87DCE058-A35E-46A4-903C-4DF9F82CEFF2}.Debug|Any CPU.ActiveCfg = Debug|Any CPU
		{87DCE058-A35E-46A4-903C-4DF9F82CEFF2}.Debug|Any CPU.Build.0 = Debug|Any CPU
		{87DCE058-A35E-46A4-903C-4DF9F82CEFF2}.Release|Any CPU.ActiveCfg = Release|Any CPU
		{87DCE058-A35E-46A4-903C-4DF9F82CEFF2}.Release|Any CPU.Build.0 = Release|Any CPU
		{3F0E0634-CEBB-4423-B139-744FCFDD150B}.Debug|Any CPU.ActiveCfg = Debug|Any CPU
		{3F0E0634-CEBB-4423-B139-744FCFDD150B}.Debug|Any CPU.Build.0 = Debug|Any CPU
		{3F0E0634-CEBB-4423-B139-744FCFDD150B}.Release|Any CPU.ActiveCfg = Release|Any CPU
		{3F0E0634-CEBB-4423-B139-744FCFDD150B}.Release|Any CPU.Build.0 = Release|Any CPU
		{7E02240F-0D6F-4DDA-8CF6-5B3FF2D41760}.Debug|Any CPU.ActiveCfg = Debug|Any CPU
		{7E02240F-0D6F-4DDA-8CF6-5B3FF2D41760}.Debug|Any CPU.Build.0 = Debug|Any CPU
		{7E02240F-0D6F-4DDA-8CF6-5B3FF2D41760}.Release|Any CPU.ActiveCfg = Release|Any CPU
		{7E02240F-0D6F-4DDA-8CF6-5B3FF2D41760}.Release|Any CPU.Build.0 = Release|Any CPU
		{DC16BCA2-6A01-4584-921C-E22FCA8F960E}.Debug|Any CPU.ActiveCfg = Debug|Any CPU
		{DC16BCA2-6A01-4584-921C-E22FCA8F960E}.Debug|Any CPU.Build.0 = Debug|Any CPU
		{DC16BCA2-6A01-4584-921C-E22FCA8F960E}.Release|Any CPU.ActiveCfg = Release|Any CPU
		{DC16BCA2-6A01-4584-921C-E22FCA8F960E}.Release|Any CPU.Build.0 = Release|Any CPU
	EndGlobalSection
	GlobalSection(SolutionProperties) = preSolution
		HideSolutionNode = FALSE
	EndGlobalSection
	GlobalSection(ExtensibilityGlobals) = postSolution
		SolutionGuid = {38F319DA-317E-4490-8CDC-DBED3A9F6244}
	EndGlobalSection
EndGlobal
